
Microsoft Visual Studio Solution File, Format Version 12.00
# Visual Studio Version 17
VisualStudioVersion = 17.13.35919.96 d17.13
MinimumVisualStudioVersion = 10.0.40219.1
Project("{FAE04EC0-301F-11D3-BF4B-00C04F79EFBC}") = "APIPET", "APIPET.csproj", "{55E9CABA-F9CE-48CA-AF7E-1F760667A3BC}"
EndProject
Global
	GlobalSection(SolutionConfigurationPlatforms) = preSolution
		Debug|Any CPU = Debug|Any CPU
		Release|Any CPU = Release|Any CPU
	EndGlobalSection
	GlobalSection(ProjectConfigurationPlatforms) = postSolution
		{55E9CABA-F9CE-48CA-AF7E-1F760667A3BC}.Debug|Any CPU.ActiveCfg = Debug|Any CPU
		{55E9CABA-F9CE-48CA-AF7E-1F760667A3BC}.Debug|Any CPU.Build.0 = Debug|Any CPU
		{55E9CABA-F9CE-48CA-AF7E-1F760667A3BC}.Release|Any CPU.ActiveCfg = Release|Any CPU
		{55E9CABA-F9CE-48CA-AF7E-1F760667A3BC}.Release|Any CPU.Build.0 = Release|Any CPU
	EndGlobalSection
	GlobalSection(SolutionProperties) = preSolution
		HideSolutionNode = FALSE
	EndGlobalSection
	GlobalSection(ExtensibilityGlobals) = postSolution
		SolutionGuid = {D09D9F89-FCB4-41BC-9BD4-28103E788669}
	EndGlobalSection
EndGlobal
